{
  "pins" : [
    {
      "identity" : "okcommonmark",
      "kind" : "remoteSourceControl",
      "location" : "https://github.com/OberstKrueger/OKCommonMark",
      "state" : {
        "revision" : "531d4a9646993d6e63eca1a9a1b591efccbc5fd7",
        "version" : "0.0.5"
      }
    }
  ],
  "version" : 2
}
