{
  "pins" : [
    {
      "identity" : "okcommonmark",
      "kind" : "remoteSourceControl",
      "location" : "https://github.com/OberstKrueger/OKCommonMark",
      "state" : {
        "revision" : "a23689081e55db739c6bf181266180acd09b0ecc",
        "version" : "0.0.3"
      }
    }
  ],
  "version" : 2
}
