{
  "pins" : [
    {
      "identity" : "okcommonmark",
      "kind" : "remoteSourceControl",
      "location" : "https://github.com/OberstKrueger/OKCommonMark",
      "state" : {
        "revision" : "10fe90410baf37d9922e7143b2a9ee7183c48ef9",
        "version" : "0.0.2"
      }
    }
  ],
  "version" : 2
}
