// !$*UTF8*$!
{
	archiveVersion = 1;
	classes = {
	};
	objectVersion = 55;
	objects = {

/* Begin PBXBuildFile section */
		564350DA27E75125004E5B63 /* InterpretisApp.swift in Sources */ = {isa = PBXBuildFile; fileRef = 564350D927E75125004E5B63 /* InterpretisApp.swift */; };
		564350DC27E75125004E5B63 /* ContentView.swift in Sources */ = {isa = PBXBuildFile; fileRef = 564350DB27E75125004E5B63 /* ContentView.swift */; };
		564350DE27E75125004E5B63 /* Assets.xcassets in Resources */ = {isa = PBXBuildFile; fileRef = 564350DD27E75125004E5B63 /* Assets.xcassets */; };
		564350E127E75125004E5B63 /* Preview Assets.xcassets in Resources */ = {isa = PBXBuildFile; fileRef = 564350E027E75125004E5B63 /* Preview Assets.xcassets */; };
		564350E827E75E43004E5B63 /* TextInputView.swift in Sources */ = {isa = PBXBuildFile; fileRef = 564350E727E75E43004E5B63 /* TextInputView.swift */; };
		564350EA27E75E65004E5B63 /* TextRenderedView.swift in Sources */ = {isa = PBXBuildFile; fileRef = 564350E927E75E65004E5B63 /* TextRenderedView.swift */; };
		564350F127E7681A004E5B63 /* InterpretisManager.swift in Sources */ = {isa = PBXBuildFile; fileRef = 564350F027E7681A004E5B63 /* InterpretisManager.swift */; };
		56474DD227E861A00050FF58 /* PreviewText.swift in Sources */ = {isa = PBXBuildFile; fileRef = 56474DD127E861A00050FF58 /* PreviewText.swift */; };
		569EFBBE282900610022D0A5 /* OKCommonMark in Frameworks */ = {isa = PBXBuildFile; productRef = 569EFBBD282900610022D0A5 /* OKCommonMark */; };
		569EFBC0282901D60022D0A5 /* LICENSE in Resources */ = {isa = PBXBuildFile; fileRef = 569EFBBF282901D60022D0A5 /* LICENSE */; };
/* End PBXBuildFile section */

/* Begin PBXFileReference section */
		564350D627E75125004E5B63 /* Interpretis.app */ = {isa = PBXFileReference; explicitFileType = wrapper.application; includeInIndex = 0; path = Interpretis.app; sourceTree = BUILT_PRODUCTS_DIR; };
		564350D927E75125004E5B63 /* InterpretisApp.swift */ = {isa = PBXFileReference; lastKnownFileType = sourcecode.swift; path = InterpretisApp.swift; sourceTree = "<group>"; };
		564350DB27E75125004E5B63 /* ContentView.swift */ = {isa = PBXFileReference; lastKnownFileType = sourcecode.swift; path = ContentView.swift; sourceTree = "<group>"; };
		564350DD27E75125004E5B63 /* Assets.xcassets */ = {isa = PBXFileReference; lastKnownFileType = folder.assetcatalog; path = Assets.xcassets; sourceTree = "<group>"; };
		564350E027E75125004E5B63 /* Preview Assets.xcassets */ = {isa = PBXFileReference; lastKnownFileType = folder.assetcatalog; path = "Preview Assets.xcassets"; sourceTree = "<group>"; };
		564350E727E75E43004E5B63 /* TextInputView.swift */ = {isa = PBXFileReference; lastKnownFileType = sourcecode.swift; path = TextInputView.swift; sourceTree = "<group>"; };
		564350E927E75E65004E5B63 /* TextRenderedView.swift */ = {isa = PBXFileReference; lastKnownFileType = sourcecode.swift; path = TextRenderedView.swift; sourceTree = "<group>"; };
		564350F027E7681A004E5B63 /* InterpretisManager.swift */ = {isa = PBXFileReference; lastKnownFileType = sourcecode.swift; path = InterpretisManager.swift; sourceTree = "<group>"; };
		56474DD127E861A00050FF58 /* PreviewText.swift */ = {isa = PBXFileReference; lastKnownFileType = sourcecode.swift; path = PreviewText.swift; sourceTree = "<group>"; };
		5678CBBD27EC545F00F431D8 /* Interpretis.entitlements */ = {isa = PBXFileReference; lastKnownFileType = text.plist.entitlements; path = Interpretis.entitlements; sourceTree = "<group>"; };
		5678CBBE27EC56CE00F431D8 /* Info.plist */ = {isa = PBXFileReference; lastKnownFileType = text.plist; path = Info.plist; sourceTree = "<group>"; };
		569EFBBF282901D60022D0A5 /* LICENSE */ = {isa = PBXFileReference; fileEncoding = 4; lastKnownFileType = text; path = LICENSE; sourceTree = SOURCE_ROOT; };
/* End PBXFileReference section */

/* Begin PBXFrameworksBuildPhase section */
		564350D327E75124004E5B63 /* Frameworks */ = {
			isa = PBXFrameworksBuildPhase;
			buildActionMask = 2147483647;
			files = (
				569EFBBE282900610022D0A5 /* OKCommonMark in Frameworks */,
			);
			runOnlyForDeploymentPostprocessing = 0;
		};
/* End PBXFrameworksBuildPhase section */

/* Begin PBXGroup section */
		564350CD27E75124004E5B63 = {
			isa = PBXGroup;
			children = (
				569EFBBF282901D60022D0A5 /* LICENSE */,
				564350D827E75125004E5B63 /* Interpretis */,
				564350D727E75125004E5B63 /* Products */,
			);
			sourceTree = "<group>";
		};
		564350D727E75125004E5B63 /* Products */ = {
			isa = PBXGroup;
			children = (
				564350D627E75125004E5B63 /* Interpretis.app */,
			);
			name = Products;
			sourceTree = "<group>";
		};
		564350D827E75125004E5B63 /* Interpretis */ = {
			isa = PBXGroup;
			children = (
				5678CBBE27EC56CE00F431D8 /* Info.plist */,
				5678CBBD27EC545F00F431D8 /* Interpretis.entitlements */,
				564350EB27E7666E004E5B63 /* Views */,
				564350D927E75125004E5B63 /* InterpretisApp.swift */,
				564350F027E7681A004E5B63 /* InterpretisManager.swift */,
				564350DD27E75125004E5B63 /* Assets.xcassets */,
				564350DF27E75125004E5B63 /* Preview Content */,
			);
			path = Interpretis;
			sourceTree = "<group>";
		};
		564350DF27E75125004E5B63 /* Preview Content */ = {
			isa = PBXGroup;
			children = (
				564350E027E75125004E5B63 /* Preview Assets.xcassets */,
				56474DD127E861A00050FF58 /* PreviewText.swift */,
			);
			path = "Preview Content";
			sourceTree = "<group>";
		};
		564350EB27E7666E004E5B63 /* Views */ = {
			isa = PBXGroup;
			children = (
				564350DB27E75125004E5B63 /* ContentView.swift */,
				564350E727E75E43004E5B63 /* TextInputView.swift */,
				564350E927E75E65004E5B63 /* TextRenderedView.swift */,
			);
			path = Views;
			sourceTree = "<group>";
		};
/* End PBXGroup section */

/* Begin PBXNativeTarget section */
		564350D527E75124004E5B63 /* Interpretis */ = {
			isa = PBXNativeTarget;
			buildConfigurationList = 564350E427E75125004E5B63 /* Build configuration list for PBXNativeTarget "Interpretis" */;
			buildPhases = (
				564350D227E75124004E5B63 /* Sources */,
				564350D327E75124004E5B63 /* Frameworks */,
				564350D427E75124004E5B63 /* Resources */,
				56222B4827F9D329001CCACF /* ShellScript */,
			);
			buildRules = (
			);
			dependencies = (
			);
			name = Interpretis;
			packageProductDependencies = (
				569EFBBD282900610022D0A5 /* OKCommonMark */,
			);
			productName = Interpretis;
			productReference = 564350D627E75125004E5B63 /* Interpretis.app */;
			productType = "com.apple.product-type.application";
		};
/* End PBXNativeTarget section */

/* Begin PBXProject section */
		564350CE27E75124004E5B63 /* Project object */ = {
			isa = PBXProject;
			attributes = {
				BuildIndependentTargetsInParallel = 1;
				LastSwiftUpdateCheck = 1330;
				LastUpgradeCheck = 1330;
				TargetAttributes = {
					564350D527E75124004E5B63 = {
						CreatedOnToolsVersion = 13.3;
					};
				};
			};
			buildConfigurationList = 564350D127E75124004E5B63 /* Build configuration list for PBXProject "Interpretis" */;
			compatibilityVersion = "Xcode 13.0";
			developmentRegion = en;
			hasScannedForEncodings = 0;
			knownRegions = (
				en,
				Base,
			);
			mainGroup = 564350CD27E75124004E5B63;
			packageReferences = (
				569EFBBC282900610022D0A5 /* XCRemoteSwiftPackageReference "OKCommonMark" */,
			);
			productRefGroup = 564350D727E75125004E5B63 /* Products */;
			projectDirPath = "";
			projectRoot = "";
			targets = (
				564350D527E75124004E5B63 /* Interpretis */,
			);
		};
/* End PBXProject section */

/* Begin PBXResourcesBuildPhase section */
		564350D427E75124004E5B63 /* Resources */ = {
			isa = PBXResourcesBuildPhase;
			buildActionMask = 2147483647;
			files = (
				569EFBC0282901D60022D0A5 /* LICENSE in Resources */,
				564350E127E75125004E5B63 /* Preview Assets.xcassets in Resources */,
				564350DE27E75125004E5B63 /* Assets.xcassets in Resources */,
			);
			runOnlyForDeploymentPostprocessing = 0;
		};
/* End PBXResourcesBuildPhase section */

/* Begin PBXShellScriptBuildPhase section */
		56222B4827F9D329001CCACF /* ShellScript */ = {
			isa = PBXShellScriptBuildPhase;
			buildActionMask = 2147483647;
			files = (
			);
			inputFileListPaths = (
			);
			inputPaths = (
			);
			outputFileListPaths = (
			);
			outputPaths = (
			);
			runOnlyForDeploymentPostprocessing = 0;
			shellPath = /bin/sh;
			shellScript = "export PATH=\"$PATH:/opt/homebrew/bin\"\n\nif which swiftlint >/dev/null; then\n  swiftlint\nelse\n  echo \"warning: SwiftLint not installed, download from https://github.com/realm/SwiftLint\"\nfi\n";
		};
/* End PBXShellScriptBuildPhase section */

/* Begin PBXSourcesBuildPhase section */
		564350D227E75124004E5B63 /* Sources */ = {
			isa = PBXSourcesBuildPhase;
			buildActionMask = 2147483647;
			files = (
				564350DC27E75125004E5B63 /* ContentView.swift in Sources */,
				56474DD227E861A00050FF58 /* PreviewText.swift in Sources */,
				564350F127E7681A004E5B63 /* InterpretisManager.swift in Sources */,
				564350DA27E75125004E5B63 /* InterpretisApp.swift in Sources */,
				564350EA27E75E65004E5B63 /* TextRenderedView.swift in Sources */,
				564350E827E75E43004E5B63 /* TextInputView.swift in Sources */,
			);
			runOnlyForDeploymentPostprocessing = 0;
		};
/* End PBXSourcesBuildPhase section */

/* Begin XCBuildConfiguration section */
		564350E227E75125004E5B63 /* Debug */ = {
			isa = XCBuildConfiguration;
			buildSettings = {
				ALWAYS_SEARCH_USER_PATHS = NO;
				CLANG_ANALYZER_NONNULL = YES;
				CLANG_ANALYZER_NUMBER_OBJECT_CONVERSION = YES_AGGRESSIVE;
				CLANG_CXX_LANGUAGE_STANDARD = "gnu++17";
				CLANG_ENABLE_MODULES = YES;
				CLANG_ENABLE_OBJC_ARC = YES;
				CLANG_ENABLE_OBJC_WEAK = YES;
				CLANG_WARN_BLOCK_CAPTURE_AUTORELEASING = YES;
				CLANG_WARN_BOOL_CONVERSION = YES;
				CLANG_WARN_COMMA = YES;
				CLANG_WARN_CONSTANT_CONVERSION = YES;
				CLANG_WARN_DEPRECATED_OBJC_IMPLEMENTATIONS = YES;
				CLANG_WARN_DIRECT_OBJC_ISA_USAGE = YES_ERROR;
				CLANG_WARN_DOCUMENTATION_COMMENTS = YES;
				CLANG_WARN_EMPTY_BODY = YES;
				CLANG_WARN_ENUM_CONVERSION = YES;
				CLANG_WARN_INFINITE_RECURSION = YES;
				CLANG_WARN_INT_CONVERSION = YES;
				CLANG_WARN_NON_LITERAL_NULL_CONVERSION = YES;
				CLANG_WARN_OBJC_IMPLICIT_RETAIN_SELF = YES;
				CLANG_WARN_OBJC_LITERAL_CONVERSION = YES;
				CLANG_WARN_OBJC_ROOT_CLASS = YES_ERROR;
				CLANG_WARN_QUOTED_INCLUDE_IN_FRAMEWORK_HEADER = YES;
				CLANG_WARN_RANGE_LOOP_ANALYSIS = YES;
				CLANG_WARN_STRICT_PROTOTYPES = YES;
				CLANG_WARN_SUSPICIOUS_MOVE = YES;
				CLANG_WARN_UNGUARDED_AVAILABILITY = YES_AGGRESSIVE;
				CLANG_WARN_UNREACHABLE_CODE = YES;
				CLANG_WARN__DUPLICATE_METHOD_MATCH = YES;
				COPY_PHASE_STRIP = NO;
				DEBUG_INFORMATION_FORMAT = dwarf;
				ENABLE_STRICT_OBJC_MSGSEND = YES;
				ENABLE_TESTABILITY = YES;
				GCC_C_LANGUAGE_STANDARD = gnu11;
				GCC_DYNAMIC_NO_PIC = NO;
				GCC_NO_COMMON_BLOCKS = YES;
				GCC_OPTIMIZATION_LEVEL = 0;
				GCC_PREPROCESSOR_DEFINITIONS = (
					"DEBUG=1",
					"$(inherited)",
				);
				GCC_WARN_64_TO_32_BIT_CONVERSION = YES;
				GCC_WARN_ABOUT_RETURN_TYPE = YES_ERROR;
				GCC_WARN_UNDECLARED_SELECTOR = YES;
				GCC_WARN_UNINITIALIZED_AUTOS = YES_AGGRESSIVE;
				GCC_WARN_UNUSED_FUNCTION = YES;
				GCC_WARN_UNUSED_VARIABLE = YES;
				IPHONEOS_DEPLOYMENT_TARGET = 15.4;
				MTL_ENABLE_DEBUG_INFO = INCLUDE_SOURCE;
				MTL_FAST_MATH = YES;
				ONLY_ACTIVE_ARCH = YES;
				SDKROOT = iphoneos;
				SWIFT_ACTIVE_COMPILATION_CONDITIONS = DEBUG;
				SWIFT_OPTIMIZATION_LEVEL = "-Onone";
			};
			name = Debug;
		};
		564350E327E75125004E5B63 /* Release */ = {
			isa = XCBuildConfiguration;
			buildSettings = {
				ALWAYS_SEARCH_USER_PATHS = NO;
				CLANG_ANALYZER_NONNULL = YES;
				CLANG_ANALYZER_NUMBER_OBJECT_CONVERSION = YES_AGGRESSIVE;
				CLANG_CXX_LANGUAGE_STANDARD = "gnu++17";
				CLANG_ENABLE_MODULES = YES;
				CLANG_ENABLE_OBJC_ARC = YES;
				CLANG_ENABLE_OBJC_WEAK = YES;
				CLANG_WARN_BLOCK_CAPTURE_AUTORELEASING = YES;
				CLANG_WARN_BOOL_CONVERSION = YES;
				CLANG_WARN_COMMA = YES;
				CLANG_WARN_CONSTANT_CONVERSION = YES;
				CLANG_WARN_DEPRECATED_OBJC_IMPLEMENTATIONS = YES;
				CLANG_WARN_DIRECT_OBJC_ISA_USAGE = YES_ERROR;
				CLANG_WARN_DOCUMENTATION_COMMENTS = YES;
				CLANG_WARN_EMPTY_BODY = YES;
				CLANG_WARN_ENUM_CONVERSION = YES;
				CLANG_WARN_INFINITE_RECURSION = YES;
				CLANG_WARN_INT_CONVERSION = YES;
				CLANG_WARN_NON_LITERAL_NULL_CONVERSION = YES;
				CLANG_WARN_OBJC_IMPLICIT_RETAIN_SELF = YES;
				CLANG_WARN_OBJC_LITERAL_CONVERSION = YES;
				CLANG_WARN_OBJC_ROOT_CLASS = YES_ERROR;
				CLANG_WARN_QUOTED_INCLUDE_IN_FRAMEWORK_HEADER = YES;
				CLANG_WARN_RANGE_LOOP_ANALYSIS = YES;
				CLANG_WARN_STRICT_PROTOTYPES = YES;
				CLANG_WARN_SUSPICIOUS_MOVE = YES;
				CLANG_WARN_UNGUARDED_AVAILABILITY = YES_AGGRESSIVE;
				CLANG_WARN_UNREACHABLE_CODE = YES;
				CLANG_WARN__DUPLICATE_METHOD_MATCH = YES;
				COPY_PHASE_STRIP = NO;
				DEBUG_INFORMATION_FORMAT = "dwarf-with-dsym";
				ENABLE_NS_ASSERTIONS = NO;
				ENABLE_STRICT_OBJC_MSGSEND = YES;
				GCC_C_LANGUAGE_STANDARD = gnu11;
				GCC_NO_COMMON_BLOCKS = YES;
				GCC_WARN_64_TO_32_BIT_CONVERSION = YES;
				GCC_WARN_ABOUT_RETURN_TYPE = YES_ERROR;
				GCC_WARN_UNDECLARED_SELECTOR = YES;
				GCC_WARN_UNINITIALIZED_AUTOS = YES_AGGRESSIVE;
				GCC_WARN_UNUSED_FUNCTION = YES;
				GCC_WARN_UNUSED_VARIABLE = YES;
				IPHONEOS_DEPLOYMENT_TARGET = 15.4;
				MTL_ENABLE_DEBUG_INFO = NO;
				MTL_FAST_MATH = YES;
				SDKROOT = iphoneos;
				SWIFT_COMPILATION_MODE = wholemodule;
				SWIFT_OPTIMIZATION_LEVEL = "-O";
				VALIDATE_PRODUCT = YES;
			};
			name = Release;
		};
		564350E527E75125004E5B63 /* Debug */ = {
			isa = XCBuildConfiguration;
			buildSettings = {
				ASSETCATALOG_COMPILER_APPICON_NAME = AppIcon;
				ASSETCATALOG_COMPILER_GLOBAL_ACCENT_COLOR_NAME = AccentColor;
				CODE_SIGN_ENTITLEMENTS = Interpretis/Interpretis.entitlements;
				CODE_SIGN_STYLE = Automatic;
				CURRENT_PROJECT_VERSION = 1;
				DEVELOPMENT_ASSET_PATHS = "\"Interpretis/Preview Content\"";
				DEVELOPMENT_TEAM = ZM4N24RK3Z;
				ENABLE_PREVIEWS = YES;
				GENERATE_INFOPLIST_FILE = YES;
				INFOPLIST_FILE = Interpretis/Info.plist;
				INFOPLIST_KEY_UIApplicationSceneManifest_Generation = YES;
				INFOPLIST_KEY_UIApplicationSupportsIndirectInputEvents = YES;
				INFOPLIST_KEY_UILaunchScreen_Generation = YES;
				INFOPLIST_KEY_UISupportedInterfaceOrientations = "UIInterfaceOrientationPortrait UIInterfaceOrientationLandscapeLeft UIInterfaceOrientationLandscapeRight";
				INFOPLIST_KEY_UISupportedInterfaceOrientations_iPad = "UIInterfaceOrientationPortrait UIInterfaceOrientationPortraitUpsideDown UIInterfaceOrientationLandscapeLeft UIInterfaceOrientationLandscapeRight";
				INFOPLIST_KEY_UISupportedInterfaceOrientations_iPhone = "UIInterfaceOrientationPortrait UIInterfaceOrientationLandscapeLeft UIInterfaceOrientationLandscapeRight";
				IPHONEOS_DEPLOYMENT_TARGET = 15.0;
				LD_RUNPATH_SEARCH_PATHS = (
					"$(inherited)",
					"@executable_path/Frameworks",
				);
				MARKETING_VERSION = 1.0;
				PRODUCT_BUNDLE_IDENTIFIER = technology.krueger.Interpretis;
				PRODUCT_NAME = "$(TARGET_NAME)";
				SUPPORTS_MACCATALYST = YES;
				SUPPORTS_MAC_DESIGNED_FOR_IPHONE_IPAD = NO;
				SWIFT_EMIT_LOC_STRINGS = YES;
				SWIFT_VERSION = 5.0;
				TARGETED_DEVICE_FAMILY = "1,2,6";
			};
			name = Debug;
		};
		564350E627E75125004E5B63 /* Release */ = {
			isa = XCBuildConfiguration;
			buildSettings = {
				ASSETCATALOG_COMPILER_APPICON_NAME = AppIcon;
				ASSETCATALOG_COMPILER_GLOBAL_ACCENT_COLOR_NAME = AccentColor;
				CODE_SIGN_ENTITLEMENTS = Interpretis/Interpretis.entitlements;
				CODE_SIGN_STYLE = Automatic;
				CURRENT_PROJECT_VERSION = 1;
				DEVELOPMENT_ASSET_PATHS = "\"Interpretis/Preview Content\"";
				DEVELOPMENT_TEAM = ZM4N24RK3Z;
				ENABLE_PREVIEWS = YES;
				GENERATE_INFOPLIST_FILE = YES;
				INFOPLIST_FILE = Interpretis/Info.plist;
				INFOPLIST_KEY_UIApplicationSceneManifest_Generation = YES;
				INFOPLIST_KEY_UIApplicationSupportsIndirectInputEvents = YES;
				INFOPLIST_KEY_UILaunchScreen_Generation = YES;
				INFOPLIST_KEY_UISupportedInterfaceOrientations = "UIInterfaceOrientationPortrait UIInterfaceOrientationLandscapeLeft UIInterfaceOrientationLandscapeRight";
				INFOPLIST_KEY_UISupportedInterfaceOrientations_iPad = "UIInterfaceOrientationPortrait UIInterfaceOrientationPortraitUpsideDown UIInterfaceOrientationLandscapeLeft UIInterfaceOrientationLandscapeRight";
				INFOPLIST_KEY_UISupportedInterfaceOrientations_iPhone = "UIInterfaceOrientationPortrait UIInterfaceOrientationLandscapeLeft UIInterfaceOrientationLandscapeRight";
				IPHONEOS_DEPLOYMENT_TARGET = 15.0;
				LD_RUNPATH_SEARCH_PATHS = (
					"$(inherited)",
					"@executable_path/Frameworks",
				);
				MARKETING_VERSION = 1.0;
				PRODUCT_BUNDLE_IDENTIFIER = technology.krueger.Interpretis;
				PRODUCT_NAME = "$(TARGET_NAME)";
				SUPPORTS_MACCATALYST = YES;
				SUPPORTS_MAC_DESIGNED_FOR_IPHONE_IPAD = NO;
				SWIFT_EMIT_LOC_STRINGS = YES;
				SWIFT_VERSION = 5.0;
				TARGETED_DEVICE_FAMILY = "1,2,6";
			};
			name = Release;
		};
/* End XCBuildConfiguration section */

/* Begin XCConfigurationList section */
		564350D127E75124004E5B63 /* Build configuration list for PBXProject "Interpretis" */ = {
			isa = XCConfigurationList;
			buildConfigurations = (
				564350E227E75125004E5B63 /* Debug */,
				564350E327E75125004E5B63 /* Release */,
			);
			defaultConfigurationIsVisible = 0;
			defaultConfigurationName = Release;
		};
		564350E427E75125004E5B63 /* Build configuration list for PBXNativeTarget "Interpretis" */ = {
			isa = XCConfigurationList;
			buildConfigurations = (
				564350E527E75125004E5B63 /* Debug */,
				564350E627E75125004E5B63 /* Release */,
			);
			defaultConfigurationIsVisible = 0;
			defaultConfigurationName = Release;
		};
/* End XCConfigurationList section */

/* Begin XCRemoteSwiftPackageReference section */
		569EFBBC282900610022D0A5 /* XCRemoteSwiftPackageReference "OKCommonMark" */ = {
			isa = XCRemoteSwiftPackageReference;
			repositoryURL = "https://github.com/OberstKrueger/OKCommonMark";
			requirement = {
				kind = exactVersion;
				version = 0.0.2;
			};
		};
/* End XCRemoteSwiftPackageReference section */

/* Begin XCSwiftPackageProductDependency section */
		569EFBBD282900610022D0A5 /* OKCommonMark */ = {
			isa = XCSwiftPackageProductDependency;
			package = 569EFBBC282900610022D0A5 /* XCRemoteSwiftPackageReference "OKCommonMark" */;
			productName = OKCommonMark;
		};
/* End XCSwiftPackageProductDependency section */
	};
	rootObject = 564350CE27E75124004E5B63 /* Project object */;
}
